{
  "name": "my-app",
  "lockfileVersion": 3,
  "requires": true,
  "packages": {
    "": {
      "name": "my-app",
      "dependencies": {
        "hono": "^4.6.16",
        "memcached": "^2.2.2"
      },
      "devDependencies": {
        "@types/bun": "latest",
        "@types/memcached": "^2.2.10"
      }
    },
    "node_modules/@types/bun": {
      "version": "1.1.16",
      "resolved": "https://registry.npmjs.org/@types/bun/-/bun-1.1.16.tgz",
      "integrity": "sha512-E+ue6NMcn4FXC5bDRE1W/BXUVs01h5Mt02qH8/8HGCox9akuh8KNOFdwvaQS9TDgT2RmUyJYFRRqA60WtTnm2g==",
      "dev": true,
      "license": "MIT",
      "dependencies": {
        "bun-types": "1.1.43"
      }
    },
    "node_modules/@types/memcached": {
      "version": "2.2.10",
      "resolved": "https://registry.npmjs.org/@types/memcached/-/memcached-2.2.10.tgz",
      "integrity": "sha512-AM9smvZN55Gzs2wRrqeMHVP7KE8KWgCJO/XL5yCly2xF6EKa4YlbpK+cLSAH4NG/Ah64HrlegmGqW8kYws7Vxg==",
      "dev": true,
      "license": "MIT",
      "dependencies": {
        "@types/node": "*"
      }
    },
    "node_modules/@types/node": {
      "version": "20.12.14",
      "dev": true,
      "license": "MIT",
      "dependencies": {
        "undici-types": "~5.26.4"
      }
    },
    "node_modules/@types/ws": {
      "version": "8.5.13",
      "dev": true,
      "license": "MIT",
      "dependencies": {
        "@types/node": "*"
      }
    },
    "node_modules/bun-types": {
      "version": "1.1.43",
      "dev": true,
      "license": "MIT",
      "dependencies": {
        "@types/node": "~20.12.8",
        "@types/ws": "~8.5.10"
      }
    },
    "node_modules/connection-parse": {
      "version": "0.0.7",
      "license": "MIT"
    },
    "node_modules/hashring": {
      "version": "3.2.0",
      "license": "MIT",
      "dependencies": {
        "connection-parse": "0.0.x",
        "simple-lru-cache": "0.0.x"
      }
    },
    "node_modules/hono": {
      "version": "4.6.16",
      "license": "MIT",
      "engines": {
        "node": ">=16.9.0"
      }
    },
    "node_modules/jackpot": {
      "version": "0.0.6",
      "dependencies": {
        "retry": "0.6.0"
      }
    },
    "node_modules/memcached": {
      "version": "2.2.2",
      "license": "MIT",
      "dependencies": {
        "hashring": "3.2.x",
        "jackpot": ">=0.0.6"
      }
    },
    "node_modules/retry": {
      "version": "0.6.0",
      "engines": {
        "node": "*"
      }
    },
    "node_modules/simple-lru-cache": {
      "version": "0.0.2"
    },
    "node_modules/undici-types": {
      "version": "5.26.5",
      "dev": true,
      "license": "MIT"
    }
  }
}
